// !$*UTF8*$!
{
	archiveVersion = 1;
	classes = {
	};
	objectVersion = 55;
	objects = {

/* Begin PBXBuildFile section */
		BF03AD51275DD0D700B7657C /* Example6.txt in Resources */ = {isa = PBXBuildFile; fileRef = BF03AD4E275DD0D700B7657C /* Example6.txt */; };
		BF03AD52275DD0D700B7657C /* Input6.txt in Resources */ = {isa = PBXBuildFile; fileRef = BF03AD4F275DD0D700B7657C /* Input6.txt */; };
		BF03AD53275DD0D700B7657C /* Solve6.swift in Sources */ = {isa = PBXBuildFile; fileRef = BF03AD50275DD0D700B7657C /* Solve6.swift */; };
		BF03AD54275DD0DB00B7657C /* Solve6.swift in Sources */ = {isa = PBXBuildFile; fileRef = BF03AD50275DD0D700B7657C /* Solve6.swift */; };
		BF0622C92761EB8400929D54 /* Puzzle9View.swift in Sources */ = {isa = PBXBuildFile; fileRef = BF0622C82761EB8400929D54 /* Puzzle9View.swift */; };
		BF0BD011276E4F1300B7C357 /* Solve16.swift in Sources */ = {isa = PBXBuildFile; fileRef = BF0BD005276E4F1300B7C357 /* Solve16.swift */; };
		BF0BD012276E4F1300B7C357 /* Solve16.swift in Sources */ = {isa = PBXBuildFile; fileRef = BF0BD005276E4F1300B7C357 /* Solve16.swift */; };
		BF0BD013276E4F1300B7C357 /* Input16.txt in Resources */ = {isa = PBXBuildFile; fileRef = BF0BD006276E4F1300B7C357 /* Input16.txt */; };
		BF0BD014276E4F1300B7C357 /* Input16.txt in Resources */ = {isa = PBXBuildFile; fileRef = BF0BD006276E4F1300B7C357 /* Input16.txt */; };
		BF0BD017276E4F1300B7C357 /* Solve17.swift in Sources */ = {isa = PBXBuildFile; fileRef = BF0BD009276E4F1300B7C357 /* Solve17.swift */; };
		BF0BD018276E4F1300B7C357 /* Solve17.swift in Sources */ = {isa = PBXBuildFile; fileRef = BF0BD009276E4F1300B7C357 /* Solve17.swift */; };
		BF0BD01D276E4F1300B7C357 /* Solve18.swift in Sources */ = {isa = PBXBuildFile; fileRef = BF0BD00D276E4F1300B7C357 /* Solve18.swift */; };
		BF0BD01E276E4F1300B7C357 /* Solve18.swift in Sources */ = {isa = PBXBuildFile; fileRef = BF0BD00D276E4F1300B7C357 /* Solve18.swift */; };
		BF1622A3276066D400FFFDEE /* Example7.txt in Resources */ = {isa = PBXBuildFile; fileRef = BF1622A0276066D400FFFDEE /* Example7.txt */; };
		BF1622A4276066D400FFFDEE /* Input7.txt in Resources */ = {isa = PBXBuildFile; fileRef = BF1622A1276066D400FFFDEE /* Input7.txt */; };
		BF1622A5276066D400FFFDEE /* Solve7.swift in Sources */ = {isa = PBXBuildFile; fileRef = BF1622A2276066D400FFFDEE /* Solve7.swift */; };
		BF1622A6276066D900FFFDEE /* Solve7.swift in Sources */ = {isa = PBXBuildFile; fileRef = BF1622A2276066D400FFFDEE /* Solve7.swift */; };
		BF1622AF276075B600FFFDEE /* Input8.txt in Resources */ = {isa = PBXBuildFile; fileRef = BF1622AC276075B600FFFDEE /* Input8.txt */; };
		BF1622B0276075B600FFFDEE /* Solve8.swift in Sources */ = {isa = PBXBuildFile; fileRef = BF1622AD276075B600FFFDEE /* Solve8.swift */; };
		BF1622B1276075B600FFFDEE /* Example8.txt in Resources */ = {isa = PBXBuildFile; fileRef = BF1622AE276075B600FFFDEE /* Example8.txt */; };
		BF1622B2276075BB00FFFDEE /* Solve8.swift in Sources */ = {isa = PBXBuildFile; fileRef = BF1622AD276075B600FFFDEE /* Solve8.swift */; };
		BF30E9B92757332C00AEC5D7 /* AOC2021App.swift in Sources */ = {isa = PBXBuildFile; fileRef = BF30E9B82757332C00AEC5D7 /* AOC2021App.swift */; };
		BF30E9BD2757333000AEC5D7 /* Assets.xcassets in Resources */ = {isa = PBXBuildFile; fileRef = BF30E9BC2757333000AEC5D7 /* Assets.xcassets */; };
		BF30E9C02757333000AEC5D7 /* Preview Assets.xcassets in Resources */ = {isa = PBXBuildFile; fileRef = BF30E9BF2757333000AEC5D7 /* Preview Assets.xcassets */; };
		BF30E9CA2757333000AEC5D7 /* AOC2021Tests.swift in Sources */ = {isa = PBXBuildFile; fileRef = BF30E9C92757333000AEC5D7 /* AOC2021Tests.swift */; };
		BF30E9E32757336200AEC5D7 /* Puzzles2021.swift in Sources */ = {isa = PBXBuildFile; fileRef = BF30E9E22757336200AEC5D7 /* Puzzles2021.swift */; };
		BF30E9E8275733D800AEC5D7 /* AOCLib in Frameworks */ = {isa = PBXBuildFile; productRef = BF30E9E7275733D800AEC5D7 /* AOCLib */; };
		BF30E9EB275734BE00AEC5D7 /* Puzzles2021.swift in Sources */ = {isa = PBXBuildFile; fileRef = BF30E9E22757336200AEC5D7 /* Puzzles2021.swift */; };
		BF30E9F0275734E800AEC5D7 /* Input1.txt in Resources */ = {isa = PBXBuildFile; fileRef = BF30E9EE275734E800AEC5D7 /* Input1.txt */; };
		BF30E9F1275734E800AEC5D7 /* Solve1.swift in Sources */ = {isa = PBXBuildFile; fileRef = BF30E9EF275734E800AEC5D7 /* Solve1.swift */; };
		BF30E9F22757352200AEC5D7 /* Solve1.swift in Sources */ = {isa = PBXBuildFile; fileRef = BF30E9EF275734E800AEC5D7 /* Solve1.swift */; };
		BF30E9F42757392900AEC5D7 /* Example1.txt in Resources */ = {isa = PBXBuildFile; fileRef = BF30E9F32757392900AEC5D7 /* Example1.txt */; };
		BF3C8AAF275BFAB3006390C5 /* Example4.txt in Resources */ = {isa = PBXBuildFile; fileRef = BF3C8AAC275BFAB3006390C5 /* Example4.txt */; };
		BF3C8AB0275BFAB3006390C5 /* Solve4.swift in Sources */ = {isa = PBXBuildFile; fileRef = BF3C8AAD275BFAB3006390C5 /* Solve4.swift */; };
		BF3C8AB1275BFAB3006390C5 /* Input4.txt in Resources */ = {isa = PBXBuildFile; fileRef = BF3C8AAE275BFAB3006390C5 /* Input4.txt */; };
		BF3C8AB2275BFAB7006390C5 /* Solve4.swift in Sources */ = {isa = PBXBuildFile; fileRef = BF3C8AAD275BFAB3006390C5 /* Solve4.swift */; };
		BF6BF59F2761D84A00246D6E /* Solve9.swift in Sources */ = {isa = PBXBuildFile; fileRef = BF6BF59C2761D84A00246D6E /* Solve9.swift */; };
		BF6BF5A02761D84A00246D6E /* Solve9.swift in Sources */ = {isa = PBXBuildFile; fileRef = BF6BF59C2761D84A00246D6E /* Solve9.swift */; };
		BF6BF5A12761D84A00246D6E /* Input9.txt in Resources */ = {isa = PBXBuildFile; fileRef = BF6BF59D2761D84A00246D6E /* Input9.txt */; };
		BF6BF5A22761D84A00246D6E /* Input9.txt in Resources */ = {isa = PBXBuildFile; fileRef = BF6BF59D2761D84A00246D6E /* Input9.txt */; };
		BF6BF5A32761D84A00246D6E /* Example9.txt in Resources */ = {isa = PBXBuildFile; fileRef = BF6BF59E2761D84A00246D6E /* Example9.txt */; };
		BF6BF5A42761D84A00246D6E /* Example9.txt in Resources */ = {isa = PBXBuildFile; fileRef = BF6BF59E2761D84A00246D6E /* Example9.txt */; };
		BF738F85276852480046C4F5 /* Example13.txt in Resources */ = {isa = PBXBuildFile; fileRef = BF738F82276852480046C4F5 /* Example13.txt */; };
		BF738F86276852480046C4F5 /* Example13.txt in Resources */ = {isa = PBXBuildFile; fileRef = BF738F82276852480046C4F5 /* Example13.txt */; };
		BF738F87276852480046C4F5 /* Solve13.swift in Sources */ = {isa = PBXBuildFile; fileRef = BF738F83276852480046C4F5 /* Solve13.swift */; };
		BF738F88276852480046C4F5 /* Solve13.swift in Sources */ = {isa = PBXBuildFile; fileRef = BF738F83276852480046C4F5 /* Solve13.swift */; };
		BF738F89276852480046C4F5 /* Input13.txt in Resources */ = {isa = PBXBuildFile; fileRef = BF738F84276852480046C4F5 /* Input13.txt */; };
		BF738F8A276852480046C4F5 /* Input13.txt in Resources */ = {isa = PBXBuildFile; fileRef = BF738F84276852480046C4F5 /* Input13.txt */; };
		BF738F8F27685CED0046C4F5 /* Example14.txt in Resources */ = {isa = PBXBuildFile; fileRef = BF738F8C27685CED0046C4F5 /* Example14.txt */; };
		BF738F9027685CED0046C4F5 /* Example14.txt in Resources */ = {isa = PBXBuildFile; fileRef = BF738F8C27685CED0046C4F5 /* Example14.txt */; };
		BF738F9127685CED0046C4F5 /* Solve14.swift in Sources */ = {isa = PBXBuildFile; fileRef = BF738F8D27685CED0046C4F5 /* Solve14.swift */; };
		BF738F9227685CED0046C4F5 /* Solve14.swift in Sources */ = {isa = PBXBuildFile; fileRef = BF738F8D27685CED0046C4F5 /* Solve14.swift */; };
		BF738F9327685CED0046C4F5 /* Input14.txt in Resources */ = {isa = PBXBuildFile; fileRef = BF738F8E27685CED0046C4F5 /* Input14.txt */; };
		BF738F9427685CED0046C4F5 /* Input14.txt in Resources */ = {isa = PBXBuildFile; fileRef = BF738F8E27685CED0046C4F5 /* Input14.txt */; };
		BF82B1BD2759E15B00AAA82D /* Input3.txt in Resources */ = {isa = PBXBuildFile; fileRef = BF82B1BA2759E15B00AAA82D /* Input3.txt */; };
		BF82B1BE2759E15B00AAA82D /* Example3.txt in Resources */ = {isa = PBXBuildFile; fileRef = BF82B1BB2759E15B00AAA82D /* Example3.txt */; };
		BF82B1BF2759E15B00AAA82D /* Solve3.swift in Sources */ = {isa = PBXBuildFile; fileRef = BF82B1BC2759E15B00AAA82D /* Solve3.swift */; };
		BF82B1C02759E3B700AAA82D /* Solve3.swift in Sources */ = {isa = PBXBuildFile; fileRef = BF82B1BC2759E15B00AAA82D /* Solve3.swift */; };
		BFA3D91B275C7FF400ACE6D4 /* Example5.txt in Resources */ = {isa = PBXBuildFile; fileRef = BFA3D918275C7FF400ACE6D4 /* Example5.txt */; };
		BFA3D91C275C7FF400ACE6D4 /* Input5.txt in Resources */ = {isa = PBXBuildFile; fileRef = BFA3D919275C7FF400ACE6D4 /* Input5.txt */; };
		BFA3D91D275C7FF400ACE6D4 /* Solve5.swift in Sources */ = {isa = PBXBuildFile; fileRef = BFA3D91A275C7FF400ACE6D4 /* Solve5.swift */; };
		BFA3D91E275C7FF900ACE6D4 /* Solve5.swift in Sources */ = {isa = PBXBuildFile; fileRef = BFA3D91A275C7FF400ACE6D4 /* Solve5.swift */; };
		BFABA7F92765B9DE00E5F23D /* Example12-1.txt in Resources */ = {isa = PBXBuildFile; fileRef = BFABA7F62765B9DE00E5F23D /* Example12-1.txt */; };
		BFABA7FA2765B9DE00E5F23D /* Solve12.swift in Sources */ = {isa = PBXBuildFile; fileRef = BFABA7F72765B9DE00E5F23D /* Solve12.swift */; };
		BFABA7FB2765B9DE00E5F23D /* Input12.txt in Resources */ = {isa = PBXBuildFile; fileRef = BFABA7F82765B9DE00E5F23D /* Input12.txt */; };
		BFABA7FC2765B9E300E5F23D /* Solve12.swift in Sources */ = {isa = PBXBuildFile; fileRef = BFABA7F72765B9DE00E5F23D /* Solve12.swift */; };
		BFABA7FF2765BA7400E5F23D /* Example12-2.txt in Resources */ = {isa = PBXBuildFile; fileRef = BFABA7FD2765BA7400E5F23D /* Example12-2.txt */; };
		BFABA8002765BA7400E5F23D /* Example12-3.txt in Resources */ = {isa = PBXBuildFile; fileRef = BFABA7FE2765BA7400E5F23D /* Example12-3.txt */; };
		BFACA91A27589F3F00C3C810 /* Solve2.swift in Sources */ = {isa = PBXBuildFile; fileRef = BFACA91727589F3F00C3C810 /* Solve2.swift */; };
		BFACA91B27589F3F00C3C810 /* Input2.txt in Resources */ = {isa = PBXBuildFile; fileRef = BFACA91827589F3F00C3C810 /* Input2.txt */; };
		BFACA91C27589F3F00C3C810 /* Example2.txt in Resources */ = {isa = PBXBuildFile; fileRef = BFACA91927589F3F00C3C810 /* Example2.txt */; };
		BFACA91D2758A0E900C3C810 /* Solve2.swift in Sources */ = {isa = PBXBuildFile; fileRef = BFACA91727589F3F00C3C810 /* Solve2.swift */; };
		BFC68CAA27643C45004FC9CF /* Example10.txt in Resources */ = {isa = PBXBuildFile; fileRef = BFC68CA727643C45004FC9CF /* Example10.txt */; };
		BFC68CAB27643C45004FC9CF /* Example10.txt in Resources */ = {isa = PBXBuildFile; fileRef = BFC68CA727643C45004FC9CF /* Example10.txt */; };
		BFC68CAC27643C45004FC9CF /* Solve10.swift in Sources */ = {isa = PBXBuildFile; fileRef = BFC68CA827643C45004FC9CF /* Solve10.swift */; };
		BFC68CAD27643C45004FC9CF /* Solve10.swift in Sources */ = {isa = PBXBuildFile; fileRef = BFC68CA827643C45004FC9CF /* Solve10.swift */; };
		BFC68CAE27643C45004FC9CF /* Input10.txt in Resources */ = {isa = PBXBuildFile; fileRef = BFC68CA927643C45004FC9CF /* Input10.txt */; };
		BFC68CAF27643C45004FC9CF /* Input10.txt in Resources */ = {isa = PBXBuildFile; fileRef = BFC68CA927643C45004FC9CF /* Input10.txt */; };
		BFC68CB027644270004FC9CF /* Puzzle9View.swift in Sources */ = {isa = PBXBuildFile; fileRef = BF0622C82761EB8400929D54 /* Puzzle9View.swift */; };
		BFC68CB82765629D004FC9CF /* Solve11.swift in Sources */ = {isa = PBXBuildFile; fileRef = BFC68CB52765629D004FC9CF /* Solve11.swift */; };
		BFC68CB92765629D004FC9CF /* Solve11.swift in Sources */ = {isa = PBXBuildFile; fileRef = BFC68CB52765629D004FC9CF /* Solve11.swift */; };
		BFC68CBA2765629D004FC9CF /* Example11.txt in Resources */ = {isa = PBXBuildFile; fileRef = BFC68CB62765629D004FC9CF /* Example11.txt */; };
		BFC68CBB2765629D004FC9CF /* Example11.txt in Resources */ = {isa = PBXBuildFile; fileRef = BFC68CB62765629D004FC9CF /* Example11.txt */; };
		BFC68CBC2765629D004FC9CF /* Input11.txt in Resources */ = {isa = PBXBuildFile; fileRef = BFC68CB72765629D004FC9CF /* Input11.txt */; };
		BFC68CBD2765629D004FC9CF /* Input11.txt in Resources */ = {isa = PBXBuildFile; fileRef = BFC68CB72765629D004FC9CF /* Input11.txt */; };
		BFCF1FBB276FCD3E00502CF2 /* Examples18.swift in Sources */ = {isa = PBXBuildFile; fileRef = BFCF1FBA276FCD3E00502CF2 /* Examples18.swift */; };
		BFCF1FBC276FD32F00502CF2 /* Examples18.swift in Sources */ = {isa = PBXBuildFile; fileRef = BFCF1FBA276FCD3E00502CF2 /* Examples18.swift */; };
		BFDDE9EE276AF33600AD1478 /* Solve15.swift in Sources */ = {isa = PBXBuildFile; fileRef = BFDDE9EB276AF33600AD1478 /* Solve15.swift */; };
		BFDDE9EF276AF33600AD1478 /* Solve15.swift in Sources */ = {isa = PBXBuildFile; fileRef = BFDDE9EB276AF33600AD1478 /* Solve15.swift */; };
		BFDDE9F0276AF33600AD1478 /* Example15.txt in Resources */ = {isa = PBXBuildFile; fileRef = BFDDE9EC276AF33600AD1478 /* Example15.txt */; };
		BFDDE9F1276AF33600AD1478 /* Example15.txt in Resources */ = {isa = PBXBuildFile; fileRef = BFDDE9EC276AF33600AD1478 /* Example15.txt */; };
		BFDDE9F2276AF33600AD1478 /* Input15.txt in Resources */ = {isa = PBXBuildFile; fileRef = BFDDE9ED276AF33600AD1478 /* Input15.txt */; };
		BFDDE9F3276AF33600AD1478 /* Input15.txt in Resources */ = {isa = PBXBuildFile; fileRef = BFDDE9ED276AF33600AD1478 /* Input15.txt */; };
/* End PBXBuildFile section */

/* Begin PBXContainerItemProxy section */
		BF30E9C62757333000AEC5D7 /* PBXContainerItemProxy */ = {
			isa = PBXContainerItemProxy;
			containerPortal = BF30E9AD2757332C00AEC5D7 /* Project object */;
			proxyType = 1;
			remoteGlobalIDString = BF30E9B42757332C00AEC5D7;
			remoteInfo = AOC2021;
		};
/* End PBXContainerItemProxy section */

/* Begin PBXFileReference section */
		BF03AD4E275DD0D700B7657C /* Example6.txt */ = {isa = PBXFileReference; fileEncoding = 4; lastKnownFileType = text; path = Example6.txt; sourceTree = "<group>"; };
		BF03AD4F275DD0D700B7657C /* Input6.txt */ = {isa = PBXFileReference; fileEncoding = 4; lastKnownFileType = text; path = Input6.txt; sourceTree = "<group>"; };
		BF03AD50275DD0D700B7657C /* Solve6.swift */ = {isa = PBXFileReference; fileEncoding = 4; lastKnownFileType = sourcecode.swift; path = Solve6.swift; sourceTree = "<group>"; };
		BF0622C82761EB8400929D54 /* Puzzle9View.swift */ = {isa = PBXFileReference; lastKnownFileType = sourcecode.swift; path = Puzzle9View.swift; sourceTree = "<group>"; };
		BF0BD005276E4F1300B7C357 /* Solve16.swift */ = {isa = PBXFileReference; fileEncoding = 4; lastKnownFileType = sourcecode.swift; path = Solve16.swift; sourceTree = "<group>"; };
		BF0BD006276E4F1300B7C357 /* Input16.txt */ = {isa = PBXFileReference; fileEncoding = 4; lastKnownFileType = text; path = Input16.txt; sourceTree = "<group>"; };
		BF0BD009276E4F1300B7C357 /* Solve17.swift */ = {isa = PBXFileReference; fileEncoding = 4; lastKnownFileType = sourcecode.swift; path = Solve17.swift; sourceTree = "<group>"; };
		BF0BD00D276E4F1300B7C357 /* Solve18.swift */ = {isa = PBXFileReference; fileEncoding = 4; lastKnownFileType = sourcecode.swift; path = Solve18.swift; sourceTree = "<group>"; };
		BF1622A0276066D400FFFDEE /* Example7.txt */ = {isa = PBXFileReference; fileEncoding = 4; lastKnownFileType = text; path = Example7.txt; sourceTree = "<group>"; };
		BF1622A1276066D400FFFDEE /* Input7.txt */ = {isa = PBXFileReference; fileEncoding = 4; lastKnownFileType = text; path = Input7.txt; sourceTree = "<group>"; };
		BF1622A2276066D400FFFDEE /* Solve7.swift */ = {isa = PBXFileReference; fileEncoding = 4; lastKnownFileType = sourcecode.swift; path = Solve7.swift; sourceTree = "<group>"; };
		BF1622AC276075B600FFFDEE /* Input8.txt */ = {isa = PBXFileReference; fileEncoding = 4; lastKnownFileType = text; path = Input8.txt; sourceTree = "<group>"; };
		BF1622AD276075B600FFFDEE /* Solve8.swift */ = {isa = PBXFileReference; fileEncoding = 4; lastKnownFileType = sourcecode.swift; path = Solve8.swift; sourceTree = "<group>"; };
		BF1622AE276075B600FFFDEE /* Example8.txt */ = {isa = PBXFileReference; fileEncoding = 4; lastKnownFileType = text; path = Example8.txt; sourceTree = "<group>"; };
		BF30E9B52757332C00AEC5D7 /* AOC2021.app */ = {isa = PBXFileReference; explicitFileType = wrapper.application; includeInIndex = 0; path = AOC2021.app; sourceTree = BUILT_PRODUCTS_DIR; };
		BF30E9B82757332C00AEC5D7 /* AOC2021App.swift */ = {isa = PBXFileReference; lastKnownFileType = sourcecode.swift; path = AOC2021App.swift; sourceTree = "<group>"; };
		BF30E9BC2757333000AEC5D7 /* Assets.xcassets */ = {isa = PBXFileReference; lastKnownFileType = folder.assetcatalog; path = Assets.xcassets; sourceTree = "<group>"; };
		BF30E9BF2757333000AEC5D7 /* Preview Assets.xcassets */ = {isa = PBXFileReference; lastKnownFileType = folder.assetcatalog; path = "Preview Assets.xcassets"; sourceTree = "<group>"; };
		BF30E9C52757333000AEC5D7 /* AOC2021Tests.xctest */ = {isa = PBXFileReference; explicitFileType = wrapper.cfbundle; includeInIndex = 0; path = AOC2021Tests.xctest; sourceTree = BUILT_PRODUCTS_DIR; };
		BF30E9C92757333000AEC5D7 /* AOC2021Tests.swift */ = {isa = PBXFileReference; lastKnownFileType = sourcecode.swift; path = AOC2021Tests.swift; sourceTree = "<group>"; };
		BF30E9E22757336200AEC5D7 /* Puzzles2021.swift */ = {isa = PBXFileReference; fileEncoding = 4; lastKnownFileType = sourcecode.swift; path = Puzzles2021.swift; sourceTree = "<group>"; };
		BF30E9EE275734E800AEC5D7 /* Input1.txt */ = {isa = PBXFileReference; fileEncoding = 4; lastKnownFileType = text; path = Input1.txt; sourceTree = "<group>"; };
		BF30E9EF275734E800AEC5D7 /* Solve1.swift */ = {isa = PBXFileReference; fileEncoding = 4; lastKnownFileType = sourcecode.swift; path = Solve1.swift; sourceTree = "<group>"; };
		BF30E9F32757392900AEC5D7 /* Example1.txt */ = {isa = PBXFileReference; fileEncoding = 4; lastKnownFileType = text; path = Example1.txt; sourceTree = "<group>"; };
		BF3C8AAC275BFAB3006390C5 /* Example4.txt */ = {isa = PBXFileReference; fileEncoding = 4; lastKnownFileType = text; path = Example4.txt; sourceTree = "<group>"; };
		BF3C8AAD275BFAB3006390C5 /* Solve4.swift */ = {isa = PBXFileReference; fileEncoding = 4; lastKnownFileType = sourcecode.swift; path = Solve4.swift; sourceTree = "<group>"; };
		BF3C8AAE275BFAB3006390C5 /* Input4.txt */ = {isa = PBXFileReference; fileEncoding = 4; lastKnownFileType = text; path = Input4.txt; sourceTree = "<group>"; };
		BF6BF59C2761D84A00246D6E /* Solve9.swift */ = {isa = PBXFileReference; fileEncoding = 4; lastKnownFileType = sourcecode.swift; path = Solve9.swift; sourceTree = "<group>"; };
		BF6BF59D2761D84A00246D6E /* Input9.txt */ = {isa = PBXFileReference; fileEncoding = 4; lastKnownFileType = text; path = Input9.txt; sourceTree = "<group>"; };
		BF6BF59E2761D84A00246D6E /* Example9.txt */ = {isa = PBXFileReference; fileEncoding = 4; lastKnownFileType = text; path = Example9.txt; sourceTree = "<group>"; };
		BF6BF5A52761E0BE00246D6E /* AOCLib */ = {isa = PBXFileReference; lastKnownFileType = folder; name = AOCLib; path = ../AOCLib; sourceTree = "<group>"; };
		BF738F82276852480046C4F5 /* Example13.txt */ = {isa = PBXFileReference; fileEncoding = 4; lastKnownFileType = text; path = Example13.txt; sourceTree = "<group>"; };
		BF738F83276852480046C4F5 /* Solve13.swift */ = {isa = PBXFileReference; fileEncoding = 4; lastKnownFileType = sourcecode.swift; path = Solve13.swift; sourceTree = "<group>"; };
		BF738F84276852480046C4F5 /* Input13.txt */ = {isa = PBXFileReference; fileEncoding = 4; lastKnownFileType = text; path = Input13.txt; sourceTree = "<group>"; };
		BF738F8C27685CED0046C4F5 /* Example14.txt */ = {isa = PBXFileReference; fileEncoding = 4; lastKnownFileType = text; path = Example14.txt; sourceTree = "<group>"; };
		BF738F8D27685CED0046C4F5 /* Solve14.swift */ = {isa = PBXFileReference; fileEncoding = 4; lastKnownFileType = sourcecode.swift; path = Solve14.swift; sourceTree = "<group>"; };
		BF738F8E27685CED0046C4F5 /* Input14.txt */ = {isa = PBXFileReference; fileEncoding = 4; lastKnownFileType = text; path = Input14.txt; sourceTree = "<group>"; };
		BF82B1BA2759E15B00AAA82D /* Input3.txt */ = {isa = PBXFileReference; fileEncoding = 4; lastKnownFileType = text; path = Input3.txt; sourceTree = "<group>"; };
		BF82B1BB2759E15B00AAA82D /* Example3.txt */ = {isa = PBXFileReference; fileEncoding = 4; lastKnownFileType = text; path = Example3.txt; sourceTree = "<group>"; };
		BF82B1BC2759E15B00AAA82D /* Solve3.swift */ = {isa = PBXFileReference; fileEncoding = 4; lastKnownFileType = sourcecode.swift; path = Solve3.swift; sourceTree = "<group>"; };
		BFA3D918275C7FF400ACE6D4 /* Example5.txt */ = {isa = PBXFileReference; fileEncoding = 4; lastKnownFileType = text; path = Example5.txt; sourceTree = "<group>"; };
		BFA3D919275C7FF400ACE6D4 /* Input5.txt */ = {isa = PBXFileReference; fileEncoding = 4; lastKnownFileType = text; path = Input5.txt; sourceTree = "<group>"; };
		BFA3D91A275C7FF400ACE6D4 /* Solve5.swift */ = {isa = PBXFileReference; fileEncoding = 4; lastKnownFileType = sourcecode.swift; path = Solve5.swift; sourceTree = "<group>"; };
		BFABA7F62765B9DE00E5F23D /* Example12-1.txt */ = {isa = PBXFileReference; fileEncoding = 4; lastKnownFileType = text; path = "Example12-1.txt"; sourceTree = "<group>"; };
		BFABA7F72765B9DE00E5F23D /* Solve12.swift */ = {isa = PBXFileReference; fileEncoding = 4; lastKnownFileType = sourcecode.swift; path = Solve12.swift; sourceTree = "<group>"; };
		BFABA7F82765B9DE00E5F23D /* Input12.txt */ = {isa = PBXFileReference; fileEncoding = 4; lastKnownFileType = text; path = Input12.txt; sourceTree = "<group>"; };
		BFABA7FD2765BA7400E5F23D /* Example12-2.txt */ = {isa = PBXFileReference; fileEncoding = 4; lastKnownFileType = text; path = "Example12-2.txt"; sourceTree = "<group>"; };
		BFABA7FE2765BA7400E5F23D /* Example12-3.txt */ = {isa = PBXFileReference; fileEncoding = 4; lastKnownFileType = text; path = "Example12-3.txt"; sourceTree = "<group>"; };
		BFACA91727589F3F00C3C810 /* Solve2.swift */ = {isa = PBXFileReference; fileEncoding = 4; lastKnownFileType = sourcecode.swift; path = Solve2.swift; sourceTree = "<group>"; };
		BFACA91827589F3F00C3C810 /* Input2.txt */ = {isa = PBXFileReference; fileEncoding = 4; lastKnownFileType = text; path = Input2.txt; sourceTree = "<group>"; };
		BFACA91927589F3F00C3C810 /* Example2.txt */ = {isa = PBXFileReference; fileEncoding = 4; lastKnownFileType = text; path = Example2.txt; sourceTree = "<group>"; };
		BFC68CA727643C45004FC9CF /* Example10.txt */ = {isa = PBXFileReference; fileEncoding = 4; lastKnownFileType = text; path = Example10.txt; sourceTree = "<group>"; };
		BFC68CA827643C45004FC9CF /* Solve10.swift */ = {isa = PBXFileReference; fileEncoding = 4; lastKnownFileType = sourcecode.swift; path = Solve10.swift; sourceTree = "<group>"; };
		BFC68CA927643C45004FC9CF /* Input10.txt */ = {isa = PBXFileReference; fileEncoding = 4; lastKnownFileType = text; path = Input10.txt; sourceTree = "<group>"; };
		BFC68CB52765629D004FC9CF /* Solve11.swift */ = {isa = PBXFileReference; fileEncoding = 4; lastKnownFileType = sourcecode.swift; path = Solve11.swift; sourceTree = "<group>"; };
		BFC68CB62765629D004FC9CF /* Example11.txt */ = {isa = PBXFileReference; fileEncoding = 4; lastKnownFileType = text; path = Example11.txt; sourceTree = "<group>"; };
		BFC68CB72765629D004FC9CF /* Input11.txt */ = {isa = PBXFileReference; fileEncoding = 4; lastKnownFileType = text; path = Input11.txt; sourceTree = "<group>"; };
		BFCF1FBA276FCD3E00502CF2 /* Examples18.swift */ = {isa = PBXFileReference; lastKnownFileType = sourcecode.swift; path = Examples18.swift; sourceTree = "<group>"; };
		BFDDE9EB276AF33600AD1478 /* Solve15.swift */ = {isa = PBXFileReference; fileEncoding = 4; lastKnownFileType = sourcecode.swift; path = Solve15.swift; sourceTree = "<group>"; };
		BFDDE9EC276AF33600AD1478 /* Example15.txt */ = {isa = PBXFileReference; fileEncoding = 4; lastKnownFileType = text; path = Example15.txt; sourceTree = "<group>"; };
		BFDDE9ED276AF33600AD1478 /* Input15.txt */ = {isa = PBXFileReference; fileEncoding = 4; lastKnownFileType = text; path = Input15.txt; sourceTree = "<group>"; };
/* End PBXFileReference section */

/* Begin PBXFrameworksBuildPhase section */
		BF30E9B22757332C00AEC5D7 /* Frameworks */ = {
			isa = PBXFrameworksBuildPhase;
			buildActionMask = 2147483647;
			files = (
				BF30E9E8275733D800AEC5D7 /* AOCLib in Frameworks */,
			);
			runOnlyForDeploymentPostprocessing = 0;
		};
		BF30E9C22757333000AEC5D7 /* Frameworks */ = {
			isa = PBXFrameworksBuildPhase;
			buildActionMask = 2147483647;
			files = (
			);
			runOnlyForDeploymentPostprocessing = 0;
		};
/* End PBXFrameworksBuildPhase section */

/* Begin PBXGroup section */
		BF03AD4D275DD0D700B7657C /* 6 */ = {
			isa = PBXGroup;
			children = (
				BF03AD4E275DD0D700B7657C /* Example6.txt */,
				BF03AD4F275DD0D700B7657C /* Input6.txt */,
				BF03AD50275DD0D700B7657C /* Solve6.swift */,
			);
			path = 6;
			sourceTree = "<group>";
		};
		BF0BD003276E4F1300B7C357 /* 16 */ = {
			isa = PBXGroup;
			children = (
				BF0BD005276E4F1300B7C357 /* Solve16.swift */,
				BF0BD006276E4F1300B7C357 /* Input16.txt */,
			);
			path = 16;
			sourceTree = "<group>";
		};
		BF0BD007276E4F1300B7C357 /* 17 */ = {
			isa = PBXGroup;
			children = (
				BF0BD009276E4F1300B7C357 /* Solve17.swift */,
			);
			path = 17;
			sourceTree = "<group>";
		};
		BF0BD00B276E4F1300B7C357 /* 18 */ = {
			isa = PBXGroup;
			children = (
				BF0BD00D276E4F1300B7C357 /* Solve18.swift */,
				BFCF1FBA276FCD3E00502CF2 /* Examples18.swift */,
			);
			path = 18;
			sourceTree = "<group>";
		};
		BF16229F276066D400FFFDEE /* 7 */ = {
			isa = PBXGroup;
			children = (
				BF1622A0276066D400FFFDEE /* Example7.txt */,
				BF1622A1276066D400FFFDEE /* Input7.txt */,
				BF1622A2276066D400FFFDEE /* Solve7.swift */,
			);
			path = 7;
			sourceTree = "<group>";
		};
		BF1622AB276075B600FFFDEE /* 8 */ = {
			isa = PBXGroup;
			children = (
				BF1622AC276075B600FFFDEE /* Input8.txt */,
				BF1622AD276075B600FFFDEE /* Solve8.swift */,
				BF1622AE276075B600FFFDEE /* Example8.txt */,
			);
			path = 8;
			sourceTree = "<group>";
		};
		BF30E9AC2757332C00AEC5D7 = {
			isa = PBXGroup;
			children = (
				BF30E9E42757339C00AEC5D7 /* Packages */,
				BF30E9B72757332C00AEC5D7 /* AOC2021 */,
				BF30E9C82757333000AEC5D7 /* AOC2021Tests */,
				BF30E9B62757332C00AEC5D7 /* Products */,
			);
			sourceTree = "<group>";
		};
		BF30E9B62757332C00AEC5D7 /* Products */ = {
			isa = PBXGroup;
			children = (
				BF30E9B52757332C00AEC5D7 /* AOC2021.app */,
				BF30E9C52757333000AEC5D7 /* AOC2021Tests.xctest */,
			);
			name = Products;
			sourceTree = "<group>";
		};
		BF30E9B72757332C00AEC5D7 /* AOC2021 */ = {
			isa = PBXGroup;
			children = (
				BF30E9EC275734D800AEC5D7 /* Puzzles */,
				BF30E9E22757336200AEC5D7 /* Puzzles2021.swift */,
				BF30E9B82757332C00AEC5D7 /* AOC2021App.swift */,
				BF30E9BC2757333000AEC5D7 /* Assets.xcassets */,
				BF30E9BE2757333000AEC5D7 /* Preview Content */,
			);
			path = AOC2021;
			sourceTree = "<group>";
		};
		BF30E9BE2757333000AEC5D7 /* Preview Content */ = {
			isa = PBXGroup;
			children = (
				BF30E9BF2757333000AEC5D7 /* Preview Assets.xcassets */,
			);
			path = "Preview Content";
			sourceTree = "<group>";
		};
		BF30E9C82757333000AEC5D7 /* AOC2021Tests */ = {
			isa = PBXGroup;
			children = (
				BF30E9C92757333000AEC5D7 /* AOC2021Tests.swift */,
			);
			path = AOC2021Tests;
			sourceTree = "<group>";
		};
		BF30E9E42757339C00AEC5D7 /* Packages */ = {
			isa = PBXGroup;
			children = (
				BF6BF5A52761E0BE00246D6E /* AOCLib */,
			);
			name = Packages;
			sourceTree = "<group>";
		};
		BF30E9EC275734D800AEC5D7 /* Puzzles */ = {
			isa = PBXGroup;
			children = (
				BF0BD00B276E4F1300B7C357 /* 18 */,
				BF0BD007276E4F1300B7C357 /* 17 */,
				BF0BD003276E4F1300B7C357 /* 16 */,
				BFDDE9EA276AF33600AD1478 /* 15 */,
				BF738F8B27685CED0046C4F5 /* 14 */,
				BF738F81276852480046C4F5 /* 13 */,
				BFABA7F52765B9DE00E5F23D /* 12 */,
				BFC68CB42765629D004FC9CF /* 11 */,
				BFC68CA627643C45004FC9CF /* 10 */,
				BF6BF59B2761D84A00246D6E /* 9 */,
				BF1622AB276075B600FFFDEE /* 8 */,
				BF16229F276066D400FFFDEE /* 7 */,
				BF03AD4D275DD0D700B7657C /* 6 */,
				BFA3D917275C7FF400ACE6D4 /* 5 */,
				BF3C8AAB275BFAB3006390C5 /* 4 */,
				BF82B1B92759E15B00AAA82D /* 3 */,
				BFACA91627589F3F00C3C810 /* 2 */,
				BF30E9ED275734E800AEC5D7 /* 1 */,
			);
			path = Puzzles;
			sourceTree = "<group>";
		};
		BF30E9ED275734E800AEC5D7 /* 1 */ = {
			isa = PBXGroup;
			children = (
				BF30E9F32757392900AEC5D7 /* Example1.txt */,
				BF30E9EE275734E800AEC5D7 /* Input1.txt */,
				BF30E9EF275734E800AEC5D7 /* Solve1.swift */,
			);
			path = 1;
			sourceTree = "<group>";
		};
		BF3C8AAB275BFAB3006390C5 /* 4 */ = {
			isa = PBXGroup;
			children = (
				BF3C8AAC275BFAB3006390C5 /* Example4.txt */,
				BF3C8AAD275BFAB3006390C5 /* Solve4.swift */,
				BF3C8AAE275BFAB3006390C5 /* Input4.txt */,
			);
			path = 4;
			sourceTree = "<group>";
		};
		BF6BF59B2761D84A00246D6E /* 9 */ = {
			isa = PBXGroup;
			children = (
				BF6BF59C2761D84A00246D6E /* Solve9.swift */,
				BF6BF59D2761D84A00246D6E /* Input9.txt */,
				BF6BF59E2761D84A00246D6E /* Example9.txt */,
				BF0622C82761EB8400929D54 /* Puzzle9View.swift */,
			);
			path = 9;
			sourceTree = "<group>";
		};
		BF738F81276852480046C4F5 /* 13 */ = {
			isa = PBXGroup;
			children = (
				BF738F82276852480046C4F5 /* Example13.txt */,
				BF738F83276852480046C4F5 /* Solve13.swift */,
				BF738F84276852480046C4F5 /* Input13.txt */,
			);
			path = 13;
			sourceTree = "<group>";
		};
		BF738F8B27685CED0046C4F5 /* 14 */ = {
			isa = PBXGroup;
			children = (
				BF738F8C27685CED0046C4F5 /* Example14.txt */,
				BF738F8D27685CED0046C4F5 /* Solve14.swift */,
				BF738F8E27685CED0046C4F5 /* Input14.txt */,
			);
			path = 14;
			sourceTree = "<group>";
		};
		BF82B1B92759E15B00AAA82D /* 3 */ = {
			isa = PBXGroup;
			children = (
				BF82B1BA2759E15B00AAA82D /* Input3.txt */,
				BF82B1BB2759E15B00AAA82D /* Example3.txt */,
				BF82B1BC2759E15B00AAA82D /* Solve3.swift */,
			);
			path = 3;
			sourceTree = "<group>";
		};
		BFA3D917275C7FF400ACE6D4 /* 5 */ = {
			isa = PBXGroup;
			children = (
				BFA3D918275C7FF400ACE6D4 /* Example5.txt */,
				BFA3D919275C7FF400ACE6D4 /* Input5.txt */,
				BFA3D91A275C7FF400ACE6D4 /* Solve5.swift */,
			);
			path = 5;
			sourceTree = "<group>";
		};
		BFABA7F52765B9DE00E5F23D /* 12 */ = {
			isa = PBXGroup;
			children = (
				BFABA7F72765B9DE00E5F23D /* Solve12.swift */,
				BFABA7F82765B9DE00E5F23D /* Input12.txt */,
				BFABA7F62765B9DE00E5F23D /* Example12-1.txt */,
				BFABA7FD2765BA7400E5F23D /* Example12-2.txt */,
				BFABA7FE2765BA7400E5F23D /* Example12-3.txt */,
			);
			path = 12;
			sourceTree = "<group>";
		};
		BFACA91627589F3F00C3C810 /* 2 */ = {
			isa = PBXGroup;
			children = (
				BFACA91727589F3F00C3C810 /* Solve2.swift */,
				BFACA91827589F3F00C3C810 /* Input2.txt */,
				BFACA91927589F3F00C3C810 /* Example2.txt */,
			);
			path = 2;
			sourceTree = "<group>";
		};
		BFC68CA627643C45004FC9CF /* 10 */ = {
			isa = PBXGroup;
			children = (
				BFC68CA727643C45004FC9CF /* Example10.txt */,
				BFC68CA827643C45004FC9CF /* Solve10.swift */,
				BFC68CA927643C45004FC9CF /* Input10.txt */,
			);
			path = 10;
			sourceTree = "<group>";
		};
		BFC68CB42765629D004FC9CF /* 11 */ = {
			isa = PBXGroup;
			children = (
				BFC68CB52765629D004FC9CF /* Solve11.swift */,
				BFC68CB62765629D004FC9CF /* Example11.txt */,
				BFC68CB72765629D004FC9CF /* Input11.txt */,
			);
			path = 11;
			sourceTree = "<group>";
		};
		BFDDE9EA276AF33600AD1478 /* 15 */ = {
			isa = PBXGroup;
			children = (
				BFDDE9EB276AF33600AD1478 /* Solve15.swift */,
				BFDDE9EC276AF33600AD1478 /* Example15.txt */,
				BFDDE9ED276AF33600AD1478 /* Input15.txt */,
			);
			path = 15;
			sourceTree = "<group>";
		};
/* End PBXGroup section */

/* Begin PBXNativeTarget section */
		BF30E9B42757332C00AEC5D7 /* AOC2021 */ = {
			isa = PBXNativeTarget;
			buildConfigurationList = BF30E9D92757333000AEC5D7 /* Build configuration list for PBXNativeTarget "AOC2021" */;
			buildPhases = (
				BF30E9B12757332C00AEC5D7 /* Sources */,
				BF30E9B22757332C00AEC5D7 /* Frameworks */,
				BF30E9B32757332C00AEC5D7 /* Resources */,
			);
			buildRules = (
			);
			dependencies = (
			);
			name = AOC2021;
			packageProductDependencies = (
				BF30E9E7275733D800AEC5D7 /* AOCLib */,
			);
			productName = AOC2021;
			productReference = BF30E9B52757332C00AEC5D7 /* AOC2021.app */;
			productType = "com.apple.product-type.application";
		};
		BF30E9C42757333000AEC5D7 /* AOC2021Tests */ = {
			isa = PBXNativeTarget;
			buildConfigurationList = BF30E9DC2757333000AEC5D7 /* Build configuration list for PBXNativeTarget "AOC2021Tests" */;
			buildPhases = (
				BF30E9C12757333000AEC5D7 /* Sources */,
				BF30E9C22757333000AEC5D7 /* Frameworks */,
				BF30E9C32757333000AEC5D7 /* Resources */,
			);
			buildRules = (
			);
			dependencies = (
				BF30E9C72757333000AEC5D7 /* PBXTargetDependency */,
			);
			name = AOC2021Tests;
			productName = AOC2021Tests;
			productReference = BF30E9C52757333000AEC5D7 /* AOC2021Tests.xctest */;
			productType = "com.apple.product-type.bundle.unit-test";
		};
/* End PBXNativeTarget section */

/* Begin PBXProject section */
		BF30E9AD2757332C00AEC5D7 /* Project object */ = {
			isa = PBXProject;
			attributes = {
				BuildIndependentTargetsInParallel = 1;
				LastSwiftUpdateCheck = 1310;
				LastUpgradeCheck = 1310;
				TargetAttributes = {
					BF30E9B42757332C00AEC5D7 = {
						CreatedOnToolsVersion = 13.1;
					};
					BF30E9C42757333000AEC5D7 = {
						CreatedOnToolsVersion = 13.1;
						TestTargetID = BF30E9B42757332C00AEC5D7;
					};
				};
			};
			buildConfigurationList = BF30E9B02757332C00AEC5D7 /* Build configuration list for PBXProject "AOC2021" */;
			compatibilityVersion = "Xcode 13.0";
			developmentRegion = en;
			hasScannedForEncodings = 0;
			knownRegions = (
				en,
				Base,
			);
			mainGroup = BF30E9AC2757332C00AEC5D7;
			packageReferences = (
				BF30E9E6275733D800AEC5D7 /* XCRemoteSwiftPackageReference "AOCLib" */,
			);
			productRefGroup = BF30E9B62757332C00AEC5D7 /* Products */;
			projectDirPath = "";
			projectRoot = "";
			targets = (
				BF30E9B42757332C00AEC5D7 /* AOC2021 */,
				BF30E9C42757333000AEC5D7 /* AOC2021Tests */,
			);
		};
/* End PBXProject section */

/* Begin PBXResourcesBuildPhase section */
		BF30E9B32757332C00AEC5D7 /* Resources */ = {
			isa = PBXResourcesBuildPhase;
			buildActionMask = 2147483647;
			files = (
				BF0BD013276E4F1300B7C357 /* Input16.txt in Resources */,
				BFACA91C27589F3F00C3C810 /* Example2.txt in Resources */,
				BF82B1BE2759E15B00AAA82D /* Example3.txt in Resources */,
				BF03AD52275DD0D700B7657C /* Input6.txt in Resources */,
				BFC68CBC2765629D004FC9CF /* Input11.txt in Resources */,
				BFC68CBA2765629D004FC9CF /* Example11.txt in Resources */,
				BF30E9C02757333000AEC5D7 /* Preview Assets.xcassets in Resources */,
				BF738F85276852480046C4F5 /* Example13.txt in Resources */,
				BFA3D91B275C7FF400ACE6D4 /* Example5.txt in Resources */,
				BF30E9F0275734E800AEC5D7 /* Input1.txt in Resources */,
				BF1622B1276075B600FFFDEE /* Example8.txt in Resources */,
				BF1622A3276066D400FFFDEE /* Example7.txt in Resources */,
				BFDDE9F2276AF33600AD1478 /* Input15.txt in Resources */,
				BFC68CAE27643C45004FC9CF /* Input10.txt in Resources */,
				BF6BF5A12761D84A00246D6E /* Input9.txt in Resources */,
				BF30E9BD2757333000AEC5D7 /* Assets.xcassets in Resources */,
				BF738F9327685CED0046C4F5 /* Input14.txt in Resources */,
				BF03AD51275DD0D700B7657C /* Example6.txt in Resources */,
				BFC68CAA27643C45004FC9CF /* Example10.txt in Resources */,
				BFABA7FF2765BA7400E5F23D /* Example12-2.txt in Resources */,
				BFABA8002765BA7400E5F23D /* Example12-3.txt in Resources */,
				BF6BF5A32761D84A00246D6E /* Example9.txt in Resources */,
				BFACA91B27589F3F00C3C810 /* Input2.txt in Resources */,
				BFABA7F92765B9DE00E5F23D /* Example12-1.txt in Resources */,
				BF3C8AAF275BFAB3006390C5 /* Example4.txt in Resources */,
				BF82B1BD2759E15B00AAA82D /* Input3.txt in Resources */,
				BF1622AF276075B600FFFDEE /* Input8.txt in Resources */,
				BFA3D91C275C7FF400ACE6D4 /* Input5.txt in Resources */,
				BF3C8AB1275BFAB3006390C5 /* Input4.txt in Resources */,
				BF30E9F42757392900AEC5D7 /* Example1.txt in Resources */,
				BF738F8F27685CED0046C4F5 /* Example14.txt in Resources */,
				BF738F89276852480046C4F5 /* Input13.txt in Resources */,
				BFABA7FB2765B9DE00E5F23D /* Input12.txt in Resources */,
				BF1622A4276066D400FFFDEE /* Input7.txt in Resources */,
				BFDDE9F0276AF33600AD1478 /* Example15.txt in Resources */,
			);
			runOnlyForDeploymentPostprocessing = 0;
		};
		BF30E9C32757333000AEC5D7 /* Resources */ = {
			isa = PBXResourcesBuildPhase;
			buildActionMask = 2147483647;
			files = (
				BF6BF5A22761D84A00246D6E /* Input9.txt in Resources */,
				BF738F86276852480046C4F5 /* Example13.txt in Resources */,
				BF6BF5A42761D84A00246D6E /* Example9.txt in Resources */,
				BFDDE9F3276AF33600AD1478 /* Input15.txt in Resources */,
				BFC68CAF27643C45004FC9CF /* Input10.txt in Resources */,
				BFC68CBD2765629D004FC9CF /* Input11.txt in Resources */,
				BF738F8A276852480046C4F5 /* Input13.txt in Resources */,
				BF738F9427685CED0046C4F5 /* Input14.txt in Resources */,
				BF0BD014276E4F1300B7C357 /* Input16.txt in Resources */,
				BFC68CAB27643C45004FC9CF /* Example10.txt in Resources */,
				BFC68CBB2765629D004FC9CF /* Example11.txt in Resources */,
				BF738F9027685CED0046C4F5 /* Example14.txt in Resources */,
				BFDDE9F1276AF33600AD1478 /* Example15.txt in Resources */,
			);
			runOnlyForDeploymentPostprocessing = 0;
		};
/* End PBXResourcesBuildPhase section */

/* Begin PBXSourcesBuildPhase section */
		BF30E9B12757332C00AEC5D7 /* Sources */ = {
			isa = PBXSourcesBuildPhase;
			buildActionMask = 2147483647;
			files = (
				BF0BD011276E4F1300B7C357 /* Solve16.swift in Sources */,
				BF1622B0276075B600FFFDEE /* Solve8.swift in Sources */,
				BF82B1BF2759E15B00AAA82D /* Solve3.swift in Sources */,
				BFC68CAC27643C45004FC9CF /* Solve10.swift in Sources */,
				BFA3D91D275C7FF400ACE6D4 /* Solve5.swift in Sources */,
				BF738F9127685CED0046C4F5 /* Solve14.swift in Sources */,
				BF1622A5276066D400FFFDEE /* Solve7.swift in Sources */,
				BF738F87276852480046C4F5 /* Solve13.swift in Sources */,
				BFC68CB82765629D004FC9CF /* Solve11.swift in Sources */,
				BF0BD017276E4F1300B7C357 /* Solve17.swift in Sources */,
				BF30E9E32757336200AEC5D7 /* Puzzles2021.swift in Sources */,
				BF3C8AB0275BFAB3006390C5 /* Solve4.swift in Sources */,
				BF0BD01D276E4F1300B7C357 /* Solve18.swift in Sources */,
				BFCF1FBB276FCD3E00502CF2 /* Examples18.swift in Sources */,
				BF0622C92761EB8400929D54 /* Puzzle9View.swift in Sources */,
				BFABA7FA2765B9DE00E5F23D /* Solve12.swift in Sources */,
				BF30E9B92757332C00AEC5D7 /* AOC2021App.swift in Sources */,
				BFACA91A27589F3F00C3C810 /* Solve2.swift in Sources */,
				BF03AD53275DD0D700B7657C /* Solve6.swift in Sources */,
				BFDDE9EE276AF33600AD1478 /* Solve15.swift in Sources */,
				BF30E9F1275734E800AEC5D7 /* Solve1.swift in Sources */,
				BF6BF59F2761D84A00246D6E /* Solve9.swift in Sources */,
			);
			runOnlyForDeploymentPostprocessing = 0;
		};
		BF30E9C12757333000AEC5D7 /* Sources */ = {
			isa = PBXSourcesBuildPhase;
			buildActionMask = 2147483647;
			files = (
				BF0BD012276E4F1300B7C357 /* Solve16.swift in Sources */,
				BF1622B2276075BB00FFFDEE /* Solve8.swift in Sources */,
				BF82B1C02759E3B700AAA82D /* Solve3.swift in Sources */,
				BFA3D91E275C7FF900ACE6D4 /* Solve5.swift in Sources */,
				BF1622A6276066D900FFFDEE /* Solve7.swift in Sources */,
				BF738F9227685CED0046C4F5 /* Solve14.swift in Sources */,
				BF30E9EB275734BE00AEC5D7 /* Puzzles2021.swift in Sources */,
				BF738F88276852480046C4F5 /* Solve13.swift in Sources */,
				BFC68CB92765629D004FC9CF /* Solve11.swift in Sources */,
				BF0BD018276E4F1300B7C357 /* Solve17.swift in Sources */,
				BF3C8AB2275BFAB7006390C5 /* Solve4.swift in Sources */,
				BFC68CAD27643C45004FC9CF /* Solve10.swift in Sources */,
				BF0BD01E276E4F1300B7C357 /* Solve18.swift in Sources */,
				BFCF1FBC276FD32F00502CF2 /* Examples18.swift in Sources */,
				BFC68CB027644270004FC9CF /* Puzzle9View.swift in Sources */,
				BFABA7FC2765B9E300E5F23D /* Solve12.swift in Sources */,
				BF30E9CA2757333000AEC5D7 /* AOC2021Tests.swift in Sources */,
				BFACA91D2758A0E900C3C810 /* Solve2.swift in Sources */,
				BF03AD54275DD0DB00B7657C /* Solve6.swift in Sources */,
				BFDDE9EF276AF33600AD1478 /* Solve15.swift in Sources */,
				BF30E9F22757352200AEC5D7 /* Solve1.swift in Sources */,
				BF6BF5A02761D84A00246D6E /* Solve9.swift in Sources */,
			);
			runOnlyForDeploymentPostprocessing = 0;
		};
/* End PBXSourcesBuildPhase section */

/* Begin PBXTargetDependency section */
		BF30E9C72757333000AEC5D7 /* PBXTargetDependency */ = {
			isa = PBXTargetDependency;
			target = BF30E9B42757332C00AEC5D7 /* AOC2021 */;
			targetProxy = BF30E9C62757333000AEC5D7 /* PBXContainerItemProxy */;
		};
/* End PBXTargetDependency section */

/* Begin XCBuildConfiguration section */
		BF30E9D72757333000AEC5D7 /* Debug */ = {
			isa = XCBuildConfiguration;
			buildSettings = {
				ALWAYS_SEARCH_USER_PATHS = NO;
				CLANG_ANALYZER_NONNULL = YES;
				CLANG_ANALYZER_NUMBER_OBJECT_CONVERSION = YES_AGGRESSIVE;
				CLANG_CXX_LANGUAGE_STANDARD = "gnu++17";
				CLANG_CXX_LIBRARY = "libc++";
				CLANG_ENABLE_MODULES = YES;
				CLANG_ENABLE_OBJC_ARC = YES;
				CLANG_ENABLE_OBJC_WEAK = YES;
				CLANG_WARN_BLOCK_CAPTURE_AUTORELEASING = YES;
				CLANG_WARN_BOOL_CONVERSION = YES;
				CLANG_WARN_COMMA = YES;
				CLANG_WARN_CONSTANT_CONVERSION = YES;
				CLANG_WARN_DEPRECATED_OBJC_IMPLEMENTATIONS = YES;
				CLANG_WARN_DIRECT_OBJC_ISA_USAGE = YES_ERROR;
				CLANG_WARN_DOCUMENTATION_COMMENTS = YES;
				CLANG_WARN_EMPTY_BODY = YES;
				CLANG_WARN_ENUM_CONVERSION = YES;
				CLANG_WARN_INFINITE_RECURSION = YES;
				CLANG_WARN_INT_CONVERSION = YES;
				CLANG_WARN_NON_LITERAL_NULL_CONVERSION = YES;
				CLANG_WARN_OBJC_IMPLICIT_RETAIN_SELF = YES;
				CLANG_WARN_OBJC_LITERAL_CONVERSION = YES;
				CLANG_WARN_OBJC_ROOT_CLASS = YES_ERROR;
				CLANG_WARN_QUOTED_INCLUDE_IN_FRAMEWORK_HEADER = YES;
				CLANG_WARN_RANGE_LOOP_ANALYSIS = YES;
				CLANG_WARN_STRICT_PROTOTYPES = YES;
				CLANG_WARN_SUSPICIOUS_MOVE = YES;
				CLANG_WARN_UNGUARDED_AVAILABILITY = YES_AGGRESSIVE;
				CLANG_WARN_UNREACHABLE_CODE = YES;
				CLANG_WARN__DUPLICATE_METHOD_MATCH = YES;
				COPY_PHASE_STRIP = NO;
				DEBUG_INFORMATION_FORMAT = dwarf;
				ENABLE_STRICT_OBJC_MSGSEND = YES;
				ENABLE_TESTABILITY = YES;
				GCC_C_LANGUAGE_STANDARD = gnu11;
				GCC_DYNAMIC_NO_PIC = NO;
				GCC_NO_COMMON_BLOCKS = YES;
				GCC_OPTIMIZATION_LEVEL = 0;
				GCC_PREPROCESSOR_DEFINITIONS = (
					"DEBUG=1",
					"$(inherited)",
				);
				GCC_WARN_64_TO_32_BIT_CONVERSION = YES;
				GCC_WARN_ABOUT_RETURN_TYPE = YES_ERROR;
				GCC_WARN_UNDECLARED_SELECTOR = YES;
				GCC_WARN_UNINITIALIZED_AUTOS = YES_AGGRESSIVE;
				GCC_WARN_UNUSED_FUNCTION = YES;
				GCC_WARN_UNUSED_VARIABLE = YES;
				IPHONEOS_DEPLOYMENT_TARGET = 15.0;
				MTL_ENABLE_DEBUG_INFO = INCLUDE_SOURCE;
				MTL_FAST_MATH = YES;
				ONLY_ACTIVE_ARCH = YES;
				SDKROOT = iphoneos;
				SWIFT_ACTIVE_COMPILATION_CONDITIONS = DEBUG;
				SWIFT_OPTIMIZATION_LEVEL = "-Onone";
			};
			name = Debug;
		};
		BF30E9D82757333000AEC5D7 /* Release */ = {
			isa = XCBuildConfiguration;
			buildSettings = {
				ALWAYS_SEARCH_USER_PATHS = NO;
				CLANG_ANALYZER_NONNULL = YES;
				CLANG_ANALYZER_NUMBER_OBJECT_CONVERSION = YES_AGGRESSIVE;
				CLANG_CXX_LANGUAGE_STANDARD = "gnu++17";
				CLANG_CXX_LIBRARY = "libc++";
				CLANG_ENABLE_MODULES = YES;
				CLANG_ENABLE_OBJC_ARC = YES;
				CLANG_ENABLE_OBJC_WEAK = YES;
				CLANG_WARN_BLOCK_CAPTURE_AUTORELEASING = YES;
				CLANG_WARN_BOOL_CONVERSION = YES;
				CLANG_WARN_COMMA = YES;
				CLANG_WARN_CONSTANT_CONVERSION = YES;
				CLANG_WARN_DEPRECATED_OBJC_IMPLEMENTATIONS = YES;
				CLANG_WARN_DIRECT_OBJC_ISA_USAGE = YES_ERROR;
				CLANG_WARN_DOCUMENTATION_COMMENTS = YES;
				CLANG_WARN_EMPTY_BODY = YES;
				CLANG_WARN_ENUM_CONVERSION = YES;
				CLANG_WARN_INFINITE_RECURSION = YES;
				CLANG_WARN_INT_CONVERSION = YES;
				CLANG_WARN_NON_LITERAL_NULL_CONVERSION = YES;
				CLANG_WARN_OBJC_IMPLICIT_RETAIN_SELF = YES;
				CLANG_WARN_OBJC_LITERAL_CONVERSION = YES;
				CLANG_WARN_OBJC_ROOT_CLASS = YES_ERROR;
				CLANG_WARN_QUOTED_INCLUDE_IN_FRAMEWORK_HEADER = YES;
				CLANG_WARN_RANGE_LOOP_ANALYSIS = YES;
				CLANG_WARN_STRICT_PROTOTYPES = YES;
				CLANG_WARN_SUSPICIOUS_MOVE = YES;
				CLANG_WARN_UNGUARDED_AVAILABILITY = YES_AGGRESSIVE;
				CLANG_WARN_UNREACHABLE_CODE = YES;
				CLANG_WARN__DUPLICATE_METHOD_MATCH = YES;
				COPY_PHASE_STRIP = NO;
				DEBUG_INFORMATION_FORMAT = "dwarf-with-dsym";
				ENABLE_NS_ASSERTIONS = NO;
				ENABLE_STRICT_OBJC_MSGSEND = YES;
				GCC_C_LANGUAGE_STANDARD = gnu11;
				GCC_NO_COMMON_BLOCKS = YES;
				GCC_WARN_64_TO_32_BIT_CONVERSION = YES;
				GCC_WARN_ABOUT_RETURN_TYPE = YES_ERROR;
				GCC_WARN_UNDECLARED_SELECTOR = YES;
				GCC_WARN_UNINITIALIZED_AUTOS = YES_AGGRESSIVE;
				GCC_WARN_UNUSED_FUNCTION = YES;
				GCC_WARN_UNUSED_VARIABLE = YES;
				IPHONEOS_DEPLOYMENT_TARGET = 15.0;
				MTL_ENABLE_DEBUG_INFO = NO;
				MTL_FAST_MATH = YES;
				SDKROOT = iphoneos;
				SWIFT_COMPILATION_MODE = wholemodule;
				SWIFT_OPTIMIZATION_LEVEL = "-O";
				VALIDATE_PRODUCT = YES;
			};
			name = Release;
		};
		BF30E9DA2757333000AEC5D7 /* Debug */ = {
			isa = XCBuildConfiguration;
			buildSettings = {
				ASSETCATALOG_COMPILER_APPICON_NAME = AppIcon;
				ASSETCATALOG_COMPILER_GLOBAL_ACCENT_COLOR_NAME = AccentColor;
				CODE_SIGN_STYLE = Automatic;
				CURRENT_PROJECT_VERSION = 1;
				DEVELOPMENT_ASSET_PATHS = "\"AOC2021/Preview Content\"";
				DEVELOPMENT_TEAM = WE3Z3S3MCF;
				ENABLE_PREVIEWS = YES;
				GENERATE_INFOPLIST_FILE = YES;
				INFOPLIST_KEY_UIApplicationSceneManifest_Generation = YES;
				INFOPLIST_KEY_UIApplicationSupportsIndirectInputEvents = YES;
				INFOPLIST_KEY_UILaunchScreen_Generation = YES;
				INFOPLIST_KEY_UISupportedInterfaceOrientations_iPad = "UIInterfaceOrientationPortrait UIInterfaceOrientationPortraitUpsideDown UIInterfaceOrientationLandscapeLeft UIInterfaceOrientationLandscapeRight";
				INFOPLIST_KEY_UISupportedInterfaceOrientations_iPhone = "UIInterfaceOrientationPortrait UIInterfaceOrientationLandscapeLeft UIInterfaceOrientationLandscapeRight";
				LD_RUNPATH_SEARCH_PATHS = (
					"$(inherited)",
					"@executable_path/Frameworks",
				);
				MARKETING_VERSION = 1.0;
				PRODUCT_BUNDLE_IDENTIFIER = com.pineo.AOC2021;
				PRODUCT_NAME = "$(TARGET_NAME)";
				SWIFT_EMIT_LOC_STRINGS = YES;
				SWIFT_VERSION = 5.0;
				TARGETED_DEVICE_FAMILY = "1,2";
			};
			name = Debug;
		};
		BF30E9DB2757333000AEC5D7 /* Release */ = {
			isa = XCBuildConfiguration;
			buildSettings = {
				ASSETCATALOG_COMPILER_APPICON_NAME = AppIcon;
				ASSETCATALOG_COMPILER_GLOBAL_ACCENT_COLOR_NAME = AccentColor;
				CODE_SIGN_STYLE = Automatic;
				CURRENT_PROJECT_VERSION = 1;
				DEVELOPMENT_ASSET_PATHS = "\"AOC2021/Preview Content\"";
				DEVELOPMENT_TEAM = WE3Z3S3MCF;
				ENABLE_PREVIEWS = YES;
				GENERATE_INFOPLIST_FILE = YES;
				INFOPLIST_KEY_UIApplicationSceneManifest_Generation = YES;
				INFOPLIST_KEY_UIApplicationSupportsIndirectInputEvents = YES;
				INFOPLIST_KEY_UILaunchScreen_Generation = YES;
				INFOPLIST_KEY_UISupportedInterfaceOrientations_iPad = "UIInterfaceOrientationPortrait UIInterfaceOrientationPortraitUpsideDown UIInterfaceOrientationLandscapeLeft UIInterfaceOrientationLandscapeRight";
				INFOPLIST_KEY_UISupportedInterfaceOrientations_iPhone = "UIInterfaceOrientationPortrait UIInterfaceOrientationLandscapeLeft UIInterfaceOrientationLandscapeRight";
				LD_RUNPATH_SEARCH_PATHS = (
					"$(inherited)",
					"@executable_path/Frameworks",
				);
				MARKETING_VERSION = 1.0;
				PRODUCT_BUNDLE_IDENTIFIER = com.pineo.AOC2021;
				PRODUCT_NAME = "$(TARGET_NAME)";
				SWIFT_EMIT_LOC_STRINGS = YES;
				SWIFT_VERSION = 5.0;
				TARGETED_DEVICE_FAMILY = "1,2";
			};
			name = Release;
		};
		BF30E9DD2757333000AEC5D7 /* Debug */ = {
			isa = XCBuildConfiguration;
			buildSettings = {
				ALWAYS_EMBED_SWIFT_STANDARD_LIBRARIES = YES;
				BUNDLE_LOADER = "$(TEST_HOST)";
				CODE_SIGN_STYLE = Automatic;
				CURRENT_PROJECT_VERSION = 1;
				DEVELOPMENT_TEAM = WE3Z3S3MCF;
				GENERATE_INFOPLIST_FILE = YES;
				IPHONEOS_DEPLOYMENT_TARGET = 15.0;
				LD_RUNPATH_SEARCH_PATHS = (
					"$(inherited)",
					"@executable_path/Frameworks",
					"@loader_path/Frameworks",
				);
				MARKETING_VERSION = 1.0;
				PRODUCT_BUNDLE_IDENTIFIER = com.pineo.AOC2021Tests;
				PRODUCT_NAME = "$(TARGET_NAME)";
				SWIFT_EMIT_LOC_STRINGS = NO;
				SWIFT_VERSION = 5.0;
				TARGETED_DEVICE_FAMILY = "1,2";
				TEST_HOST = "$(BUILT_PRODUCTS_DIR)/AOC2021.app/AOC2021";
			};
			name = Debug;
		};
		BF30E9DE2757333000AEC5D7 /* Release */ = {
			isa = XCBuildConfiguration;
			buildSettings = {
				ALWAYS_EMBED_SWIFT_STANDARD_LIBRARIES = YES;
				BUNDLE_LOADER = "$(TEST_HOST)";
				CODE_SIGN_STYLE = Automatic;
				CURRENT_PROJECT_VERSION = 1;
				DEVELOPMENT_TEAM = WE3Z3S3MCF;
				GENERATE_INFOPLIST_FILE = YES;
				IPHONEOS_DEPLOYMENT_TARGET = 15.0;
				LD_RUNPATH_SEARCH_PATHS = (
					"$(inherited)",
					"@executable_path/Frameworks",
					"@loader_path/Frameworks",
				);
				MARKETING_VERSION = 1.0;
				PRODUCT_BUNDLE_IDENTIFIER = com.pineo.AOC2021Tests;
				PRODUCT_NAME = "$(TARGET_NAME)";
				SWIFT_EMIT_LOC_STRINGS = NO;
				SWIFT_VERSION = 5.0;
				TARGETED_DEVICE_FAMILY = "1,2";
				TEST_HOST = "$(BUILT_PRODUCTS_DIR)/AOC2021.app/AOC2021";
			};
			name = Release;
		};
/* End XCBuildConfiguration section */

/* Begin XCConfigurationList section */
		BF30E9B02757332C00AEC5D7 /* Build configuration list for PBXProject "AOC2021" */ = {
			isa = XCConfigurationList;
			buildConfigurations = (
				BF30E9D72757333000AEC5D7 /* Debug */,
				BF30E9D82757333000AEC5D7 /* Release */,
			);
			defaultConfigurationIsVisible = 0;
			defaultConfigurationName = Release;
		};
		BF30E9D92757333000AEC5D7 /* Build configuration list for PBXNativeTarget "AOC2021" */ = {
			isa = XCConfigurationList;
			buildConfigurations = (
				BF30E9DA2757333000AEC5D7 /* Debug */,
				BF30E9DB2757333000AEC5D7 /* Release */,
			);
			defaultConfigurationIsVisible = 0;
			defaultConfigurationName = Release;
		};
		BF30E9DC2757333000AEC5D7 /* Build configuration list for PBXNativeTarget "AOC2021Tests" */ = {
			isa = XCConfigurationList;
			buildConfigurations = (
				BF30E9DD2757333000AEC5D7 /* Debug */,
				BF30E9DE2757333000AEC5D7 /* Release */,
			);
			defaultConfigurationIsVisible = 0;
			defaultConfigurationName = Release;
		};
/* End XCConfigurationList section */

/* Begin XCRemoteSwiftPackageReference section */
		BF30E9E6275733D800AEC5D7 /* XCRemoteSwiftPackageReference "AOCLib" */ = {
			isa = XCRemoteSwiftPackageReference;
			repositoryURL = "https://github.com/richardpineo/AOCLib";
			requirement = {
				branch = main;
				kind = branch;
			};
		};
/* End XCRemoteSwiftPackageReference section */

/* Begin XCSwiftPackageProductDependency section */
		BF30E9E7275733D800AEC5D7 /* AOCLib */ = {
			isa = XCSwiftPackageProductDependency;
			package = BF30E9E6275733D800AEC5D7 /* XCRemoteSwiftPackageReference "AOCLib" */;
			productName = AOCLib;
		};
/* End XCSwiftPackageProductDependency section */
	};
	rootObject = BF30E9AD2757332C00AEC5D7 /* Project object */;
}
